
Microsoft Visual Studio Solution File, Format Version 12.00
# Visual Studio 15
VisualStudioVersion = 15.0.27004.2002
MinimumVisualStudioVersion = 10.0.40219.1
Project("{2150E333-8FDC-42A3-9474-1A3956D46DE8}") = "src", "src", "{D9A21FF4-1C0B-45B1-8442-D89F53C67E2B}"
EndProject
Project("{2150E333-8FDC-42A3-9474-1A3956D46DE8}") = "Solution Items", "Solution Items", "{0F68BDC1-1C79-44B5-93D9-4D0F3ADE77D5}"
EndProject
Project("{9A19103F-16F7-4668-BE54-9A1E7A4F7556}") = "RedHttpServer.ASPNETCore", "src\RedHttpServer.ASPNETCore\RedHttpServer.ASPNETCore.csproj", "{331EB634-FAF3-4D7A-83F1-1D3A780F0273}"
EndProject
Project("{FAE04EC0-301F-11D3-BF4B-00C04F79EFBC}") = "RedHttpServer.NET45", "src\RedHttpServer.NET45\RedHttpServer.NET45.csproj", "{DFED1F90-EF2C-44FD-A940-2F1AA9E64203}"
EndProject
Project("{FAE04EC0-301F-11D3-BF4B-00C04F79EFBC}") = "TestServerNET45", "src\TestServerNET45\TestServerNET45.csproj", "{35C61633-7DAB-4640-B779-AC77CCDED4CF}"
EndProject
Project("{FAE04EC0-301F-11D3-BF4B-00C04F79EFBC}") = "TestServerASPNETCore", "src\TestServerASPNETCore\TestServerASPNETCore.csproj", "{D99B0129-9B6B-4733-A755-919325D388E8}"
EndProject
Global
	GlobalSection(SolutionConfigurationPlatforms) = preSolution
		Debug|Any CPU = Debug|Any CPU
		Release|Any CPU = Release|Any CPU
	EndGlobalSection
	GlobalSection(ProjectConfigurationPlatforms) = postSolution
		{331EB634-FAF3-4D7A-83F1-1D3A780F0273}.Debug|Any CPU.ActiveCfg = Debug|Any CPU
		{331EB634-FAF3-4D7A-83F1-1D3A780F0273}.Debug|Any CPU.Build.0 = Debug|Any CPU
		{331EB634-FAF3-4D7A-83F1-1D3A780F0273}.Release|Any CPU.ActiveCfg = Release|Any CPU
		{331EB634-FAF3-4D7A-83F1-1D3A780F0273}.Release|Any CPU.Build.0 = Release|Any CPU
		{DFED1F90-EF2C-44FD-A940-2F1AA9E64203}.Debug|Any CPU.ActiveCfg = Debug|Any CPU
		{DFED1F90-EF2C-44FD-A940-2F1AA9E64203}.Debug|Any CPU.Build.0 = Debug|Any CPU
		{DFED1F90-EF2C-44FD-A940-2F1AA9E64203}.Release|Any CPU.ActiveCfg = Release|Any CPU
		{DFED1F90-EF2C-44FD-A940-2F1AA9E64203}.Release|Any CPU.Build.0 = Release|Any CPU
		{35C61633-7DAB-4640-B779-AC77CCDED4CF}.Debug|Any CPU.ActiveCfg = Debug|Any CPU
		{35C61633-7DAB-4640-B779-AC77CCDED4CF}.Debug|Any CPU.Build.0 = Debug|Any CPU
		{35C61633-7DAB-4640-B779-AC77CCDED4CF}.Release|Any CPU.ActiveCfg = Release|Any CPU
		{35C61633-7DAB-4640-B779-AC77CCDED4CF}.Release|Any CPU.Build.0 = Release|Any CPU
		{D99B0129-9B6B-4733-A755-919325D388E8}.Debug|Any CPU.ActiveCfg = Debug|Any CPU
		{D99B0129-9B6B-4733-A755-919325D388E8}.Debug|Any CPU.Build.0 = Debug|Any CPU
		{D99B0129-9B6B-4733-A755-919325D388E8}.Release|Any CPU.ActiveCfg = Release|Any CPU
		{D99B0129-9B6B-4733-A755-919325D388E8}.Release|Any CPU.Build.0 = Release|Any CPU
	EndGlobalSection
	GlobalSection(SolutionProperties) = preSolution
		HideSolutionNode = FALSE
	EndGlobalSection
	GlobalSection(NestedProjects) = preSolution
		{331EB634-FAF3-4D7A-83F1-1D3A780F0273} = {D9A21FF4-1C0B-45B1-8442-D89F53C67E2B}
		{DFED1F90-EF2C-44FD-A940-2F1AA9E64203} = {D9A21FF4-1C0B-45B1-8442-D89F53C67E2B}
		{35C61633-7DAB-4640-B779-AC77CCDED4CF} = {D9A21FF4-1C0B-45B1-8442-D89F53C67E2B}
		{D99B0129-9B6B-4733-A755-919325D388E8} = {D9A21FF4-1C0B-45B1-8442-D89F53C67E2B}
	EndGlobalSection
	GlobalSection(ExtensibilityGlobals) = postSolution
		SolutionGuid = {DE192755-FA6B-4D74-86F1-2BD817ABD3BD}
	EndGlobalSection
EndGlobal
