
Microsoft Visual Studio Solution File, Format Version 12.00
# Visual Studio 15
VisualStudioVersion = 15.0.27004.2002
MinimumVisualStudioVersion = 10.0.40219.1
Project("{2150E333-8FDC-42A3-9474-1A3956D46DE8}") = "src", "src", "{D9A21FF4-1C0B-45B1-8442-D89F53C67E2B}"
EndProject
Project("{2150E333-8FDC-42A3-9474-1A3956D46DE8}") = "Solution Items", "Solution Items", "{0F68BDC1-1C79-44B5-93D9-4D0F3ADE77D5}"
EndProject
Project("{FAE04EC0-301F-11D3-BF4B-00C04F79EFBC}") = "TestServerASPNETCore", "src\TestServerASPNETCore\TestServerASPNETCore.csproj", "{D99B0129-9B6B-4733-A755-919325D388E8}"
EndProject
Project("{FAE04EC0-301F-11D3-BF4B-00C04F79EFBC}") = "BodyParserPlugin", "src\BodyParserPlugin\BodyParserPlugin.csproj", "{0458F06E-8589-4A44-A291-2FE59640747E}"
EndProject
Project("{FAE04EC0-301F-11D3-BF4B-00C04F79EFBC}") = "EcsRendererPlugin", "src\EcsRendererPlugin\EcsRendererPlugin.csproj", "{E52F4459-50D7-4843-A50F-EB911A7BFFE3}"
EndProject
Project("{FAE04EC0-301F-11D3-BF4B-00C04F79EFBC}") = "RedHttpServer", "src\RedHttpServer\RedHttpServer.csproj", "{141EA45B-9148-4F09-A48B-17083BB96DB8}"
EndProject
Project("{FAE04EC0-301F-11D3-BF4B-00C04F79EFBC}") = "CookieSessions", "src\CookieSessions\CookieSessions.csproj", "{35DAB786-392A-46FE-8F97-A9EA37A7D9C8}"
EndProject
Global
	GlobalSection(SolutionConfigurationPlatforms) = preSolution
		Debug|Any CPU = Debug|Any CPU
		Release|Any CPU = Release|Any CPU
	EndGlobalSection
	GlobalSection(ProjectConfigurationPlatforms) = postSolution
		{D99B0129-9B6B-4733-A755-919325D388E8}.Debug|Any CPU.ActiveCfg = Debug|Any CPU
		{D99B0129-9B6B-4733-A755-919325D388E8}.Debug|Any CPU.Build.0 = Debug|Any CPU
		{D99B0129-9B6B-4733-A755-919325D388E8}.Release|Any CPU.ActiveCfg = Release|Any CPU
		{D99B0129-9B6B-4733-A755-919325D388E8}.Release|Any CPU.Build.0 = Release|Any CPU
		{0458F06E-8589-4A44-A291-2FE59640747E}.Debug|Any CPU.ActiveCfg = Debug|Any CPU
		{0458F06E-8589-4A44-A291-2FE59640747E}.Debug|Any CPU.Build.0 = Debug|Any CPU
		{0458F06E-8589-4A44-A291-2FE59640747E}.Release|Any CPU.ActiveCfg = Release|Any CPU
		{0458F06E-8589-4A44-A291-2FE59640747E}.Release|Any CPU.Build.0 = Release|Any CPU
		{E52F4459-50D7-4843-A50F-EB911A7BFFE3}.Debug|Any CPU.ActiveCfg = Debug|Any CPU
		{E52F4459-50D7-4843-A50F-EB911A7BFFE3}.Debug|Any CPU.Build.0 = Debug|Any CPU
		{E52F4459-50D7-4843-A50F-EB911A7BFFE3}.Release|Any CPU.ActiveCfg = Release|Any CPU
		{E52F4459-50D7-4843-A50F-EB911A7BFFE3}.Release|Any CPU.Build.0 = Release|Any CPU
		{141EA45B-9148-4F09-A48B-17083BB96DB8}.Debug|Any CPU.ActiveCfg = Debug|Any CPU
		{141EA45B-9148-4F09-A48B-17083BB96DB8}.Debug|Any CPU.Build.0 = Debug|Any CPU
		{141EA45B-9148-4F09-A48B-17083BB96DB8}.Release|Any CPU.ActiveCfg = Release|Any CPU
		{141EA45B-9148-4F09-A48B-17083BB96DB8}.Release|Any CPU.Build.0 = Release|Any CPU
		{35DAB786-392A-46FE-8F97-A9EA37A7D9C8}.Debug|Any CPU.ActiveCfg = Debug|Any CPU
		{35DAB786-392A-46FE-8F97-A9EA37A7D9C8}.Debug|Any CPU.Build.0 = Debug|Any CPU
		{35DAB786-392A-46FE-8F97-A9EA37A7D9C8}.Release|Any CPU.ActiveCfg = Release|Any CPU
		{35DAB786-392A-46FE-8F97-A9EA37A7D9C8}.Release|Any CPU.Build.0 = Release|Any CPU
	EndGlobalSection
	GlobalSection(SolutionProperties) = preSolution
		HideSolutionNode = FALSE
	EndGlobalSection
	GlobalSection(NestedProjects) = preSolution
		{D99B0129-9B6B-4733-A755-919325D388E8} = {D9A21FF4-1C0B-45B1-8442-D89F53C67E2B}
		{0458F06E-8589-4A44-A291-2FE59640747E} = {D9A21FF4-1C0B-45B1-8442-D89F53C67E2B}
		{E52F4459-50D7-4843-A50F-EB911A7BFFE3} = {D9A21FF4-1C0B-45B1-8442-D89F53C67E2B}
		{141EA45B-9148-4F09-A48B-17083BB96DB8} = {D9A21FF4-1C0B-45B1-8442-D89F53C67E2B}
		{35DAB786-392A-46FE-8F97-A9EA37A7D9C8} = {D9A21FF4-1C0B-45B1-8442-D89F53C67E2B}
	EndGlobalSection
	GlobalSection(ExtensibilityGlobals) = postSolution
		SolutionGuid = {DE192755-FA6B-4D74-86F1-2BD817ABD3BD}
	EndGlobalSection
EndGlobal
